// !$*UTF8*$!
{
	archiveVersion = 1;
	classes = {
	};
	objectVersion = 56;
	objects = {

/* Begin PBXBuildFile section */
		6B53EDA428D512A500D8B1FC /* AXComponentKitSampleApp.swift in Sources */ = {isa = PBXBuildFile; fileRef = 6B53EDA328D512A500D8B1FC /* AXComponentKitSampleApp.swift */; };
		6B53EDA628D512A500D8B1FC /* ContentView.swift in Sources */ = {isa = PBXBuildFile; fileRef = 6B53EDA528D512A500D8B1FC /* ContentView.swift */; };
		6B53EDA828D512A700D8B1FC /* Assets.xcassets in Resources */ = {isa = PBXBuildFile; fileRef = 6B53EDA728D512A700D8B1FC /* Assets.xcassets */; };
		6B53EDAB28D512A700D8B1FC /* Preview Assets.xcassets in Resources */ = {isa = PBXBuildFile; fileRef = 6B53EDAA28D512A700D8B1FC /* Preview Assets.xcassets */; };
		6B53EDBB28D5133000D8B1FC /* UITests.swift in Sources */ = {isa = PBXBuildFile; fileRef = 6B53EDBA28D5133000D8B1FC /* UITests.swift */; };
		6B53EDC528D513F300D8B1FC /* FirstTabView.swift in Sources */ = {isa = PBXBuildFile; fileRef = 6B53EDC428D513F300D8B1FC /* FirstTabView.swift */; };
		6B53EDC728D513FB00D8B1FC /* SecondTabView.swift in Sources */ = {isa = PBXBuildFile; fileRef = 6B53EDC628D513FB00D8B1FC /* SecondTabView.swift */; };
		6B53EDC928D5164D00D8B1FC /* DetailScreenView.swift in Sources */ = {isa = PBXBuildFile; fileRef = 6B53EDC828D5164D00D8B1FC /* DetailScreenView.swift */; };
		6B53EDCB28D5184B00D8B1FC /* FirstTabScreen.swift in Sources */ = {isa = PBXBuildFile; fileRef = 6B53EDCA28D5184B00D8B1FC /* FirstTabScreen.swift */; };
		6B53EDCC28D5185200D8B1FC /* FirstTabScreen.swift in Sources */ = {isa = PBXBuildFile; fileRef = 6B53EDCA28D5184B00D8B1FC /* FirstTabScreen.swift */; };
		6B53EDD028D5191B00D8B1FC /* NavigationScreen.swift in Sources */ = {isa = PBXBuildFile; fileRef = 6B53EDCE28D5191B00D8B1FC /* NavigationScreen.swift */; };
		6B53EDD128D5191B00D8B1FC /* RootTabBarNavigable.swift in Sources */ = {isa = PBXBuildFile; fileRef = 6B53EDCF28D5191B00D8B1FC /* RootTabBarNavigable.swift */; };
		6B53EDD528D51BEE00D8B1FC /* SecondTabScreen.swift in Sources */ = {isa = PBXBuildFile; fileRef = 6B53EDD428D51BEE00D8B1FC /* SecondTabScreen.swift */; };
		6B53EDD628D51BEE00D8B1FC /* SecondTabScreen.swift in Sources */ = {isa = PBXBuildFile; fileRef = 6B53EDD428D51BEE00D8B1FC /* SecondTabScreen.swift */; };
		6B53EDDB28D51DAA00D8B1FC /* AXComponentKit in Frameworks */ = {isa = PBXBuildFile; productRef = 6B53EDDA28D51DAA00D8B1FC /* AXComponentKit */; };
		6B53EDE128D8C19300D8B1FC /* FirstTabDetailScreen.swift in Sources */ = {isa = PBXBuildFile; fileRef = 6B53EDE028D8C19300D8B1FC /* FirstTabDetailScreen.swift */; };
		6B53EDE228D8C19300D8B1FC /* FirstTabDetailScreen.swift in Sources */ = {isa = PBXBuildFile; fileRef = 6B53EDE028D8C19300D8B1FC /* FirstTabDetailScreen.swift */; };
		6B53EDE528D8C22F00D8B1FC /* FirstTabScreen+TestSupport.swift in Sources */ = {isa = PBXBuildFile; fileRef = 6B53EDE328D8C22F00D8B1FC /* FirstTabScreen+TestSupport.swift */; };
		6B53EDE828D8C2A900D8B1FC /* SecondTabScreen+TestSupport.swift in Sources */ = {isa = PBXBuildFile; fileRef = 6B53EDE728D8C2A900D8B1FC /* SecondTabScreen+TestSupport.swift */; };
		6B53EDEA28D8C2D100D8B1FC /* FirstTabDetailScreen+TestSupport.swift in Sources */ = {isa = PBXBuildFile; fileRef = 6B53EDE928D8C2D100D8B1FC /* FirstTabDetailScreen+TestSupport.swift */; };
		6B53EDEC28D8C35E00D8B1FC /* AXComponentKitTestSupport in Frameworks */ = {isa = PBXBuildFile; productRef = 6B53EDEB28D8C35E00D8B1FC /* AXComponentKitTestSupport */; };
/* End PBXBuildFile section */

/* Begin PBXContainerItemProxy section */
		6B53EDBE28D5133000D8B1FC /* PBXContainerItemProxy */ = {
			isa = PBXContainerItemProxy;
			containerPortal = 6B53ED9828D512A500D8B1FC /* Project object */;
			proxyType = 1;
			remoteGlobalIDString = 6B53ED9F28D512A500D8B1FC;
			remoteInfo = AXComponentKitSample;
		};
/* End PBXContainerItemProxy section */

/* Begin PBXFileReference section */
		6B53EDA028D512A500D8B1FC /* AXComponentKitSample.app */ = {isa = PBXFileReference; explicitFileType = wrapper.application; includeInIndex = 0; path = AXComponentKitSample.app; sourceTree = BUILT_PRODUCTS_DIR; };
		6B53EDA328D512A500D8B1FC /* AXComponentKitSampleApp.swift */ = {isa = PBXFileReference; lastKnownFileType = sourcecode.swift; path = AXComponentKitSampleApp.swift; sourceTree = "<group>"; };
		6B53EDA528D512A500D8B1FC /* ContentView.swift */ = {isa = PBXFileReference; lastKnownFileType = sourcecode.swift; path = ContentView.swift; sourceTree = "<group>"; };
		6B53EDA728D512A700D8B1FC /* Assets.xcassets */ = {isa = PBXFileReference; lastKnownFileType = folder.assetcatalog; path = Assets.xcassets; sourceTree = "<group>"; };
		6B53EDAA28D512A700D8B1FC /* Preview Assets.xcassets */ = {isa = PBXFileReference; lastKnownFileType = folder.assetcatalog; path = "Preview Assets.xcassets"; sourceTree = "<group>"; };
		6B53EDB828D5133000D8B1FC /* UITests.xctest */ = {isa = PBXFileReference; explicitFileType = wrapper.cfbundle; includeInIndex = 0; path = UITests.xctest; sourceTree = BUILT_PRODUCTS_DIR; };
		6B53EDBA28D5133000D8B1FC /* UITests.swift */ = {isa = PBXFileReference; lastKnownFileType = sourcecode.swift; path = UITests.swift; sourceTree = "<group>"; };
		6B53EDC428D513F300D8B1FC /* FirstTabView.swift */ = {isa = PBXFileReference; lastKnownFileType = sourcecode.swift; path = FirstTabView.swift; sourceTree = "<group>"; };
		6B53EDC628D513FB00D8B1FC /* SecondTabView.swift */ = {isa = PBXFileReference; lastKnownFileType = sourcecode.swift; path = SecondTabView.swift; sourceTree = "<group>"; };
		6B53EDC828D5164D00D8B1FC /* DetailScreenView.swift */ = {isa = PBXFileReference; lastKnownFileType = sourcecode.swift; path = DetailScreenView.swift; sourceTree = "<group>"; };
		6B53EDCA28D5184B00D8B1FC /* FirstTabScreen.swift */ = {isa = PBXFileReference; lastKnownFileType = sourcecode.swift; path = FirstTabScreen.swift; sourceTree = "<group>"; };
		6B53EDCE28D5191B00D8B1FC /* NavigationScreen.swift */ = {isa = PBXFileReference; fileEncoding = 4; lastKnownFileType = sourcecode.swift; path = NavigationScreen.swift; sourceTree = "<group>"; };
		6B53EDCF28D5191B00D8B1FC /* RootTabBarNavigable.swift */ = {isa = PBXFileReference; fileEncoding = 4; lastKnownFileType = sourcecode.swift; path = RootTabBarNavigable.swift; sourceTree = "<group>"; };
		6B53EDD428D51BEE00D8B1FC /* SecondTabScreen.swift */ = {isa = PBXFileReference; lastKnownFileType = sourcecode.swift; path = SecondTabScreen.swift; sourceTree = "<group>"; };
		6B53EDDE28D51DC100D8B1FC /* XCTest.framework */ = {isa = PBXFileReference; lastKnownFileType = wrapper.framework; name = XCTest.framework; path = Platforms/iPhoneOS.platform/Developer/Library/Frameworks/XCTest.framework; sourceTree = DEVELOPER_DIR; };
		6B53EDE028D8C19300D8B1FC /* FirstTabDetailScreen.swift */ = {isa = PBXFileReference; lastKnownFileType = sourcecode.swift; path = FirstTabDetailScreen.swift; sourceTree = "<group>"; };
		6B53EDE328D8C22F00D8B1FC /* FirstTabScreen+TestSupport.swift */ = {isa = PBXFileReference; lastKnownFileType = sourcecode.swift; path = "FirstTabScreen+TestSupport.swift"; sourceTree = "<group>"; };
		6B53EDE728D8C2A900D8B1FC /* SecondTabScreen+TestSupport.swift */ = {isa = PBXFileReference; lastKnownFileType = sourcecode.swift; path = "SecondTabScreen+TestSupport.swift"; sourceTree = "<group>"; };
		6B53EDE928D8C2D100D8B1FC /* FirstTabDetailScreen+TestSupport.swift */ = {isa = PBXFileReference; lastKnownFileType = sourcecode.swift; path = "FirstTabDetailScreen+TestSupport.swift"; sourceTree = "<group>"; };
		6B53EE0328DCC5A300D8B1FC /* AXComponentKit */ = {isa = PBXFileReference; lastKnownFileType = wrapper; name = AXComponentKit; path = ..; sourceTree = "<group>"; };
/* End PBXFileReference section */

/* Begin PBXFrameworksBuildPhase section */
		6B53ED9D28D512A500D8B1FC /* Frameworks */ = {
			isa = PBXFrameworksBuildPhase;
			buildActionMask = 2147483647;
			files = (
				6B53EDDB28D51DAA00D8B1FC /* AXComponentKit in Frameworks */,
			);
			runOnlyForDeploymentPostprocessing = 0;
		};
		6B53EDB528D5133000D8B1FC /* Frameworks */ = {
			isa = PBXFrameworksBuildPhase;
			buildActionMask = 2147483647;
			files = (
				6B53EDEC28D8C35E00D8B1FC /* AXComponentKitTestSupport in Frameworks */,
			);
			runOnlyForDeploymentPostprocessing = 0;
		};
/* End PBXFrameworksBuildPhase section */

/* Begin PBXGroup section */
		6B53ED9728D512A500D8B1FC = {
			isa = PBXGroup;
			children = (
				6B53EDB128D512D700D8B1FC /* Packages */,
				6B53EDA228D512A500D8B1FC /* AXComponentKitSample */,
				6B53EDB928D5133000D8B1FC /* UITests */,
				6B53EDA128D512A500D8B1FC /* Products */,
				6B53EDD928D51DAA00D8B1FC /* Frameworks */,
			);
			sourceTree = "<group>";
		};
		6B53EDA128D512A500D8B1FC /* Products */ = {
			isa = PBXGroup;
			children = (
				6B53EDA028D512A500D8B1FC /* AXComponentKitSample.app */,
				6B53EDB828D5133000D8B1FC /* UITests.xctest */,
			);
			name = Products;
			sourceTree = "<group>";
		};
		6B53EDA228D512A500D8B1FC /* AXComponentKitSample */ = {
			isa = PBXGroup;
			children = (
				6B53EDE628D8C26600D8B1FC /* AXScreens */,
				6B53EDA328D512A500D8B1FC /* AXComponentKitSampleApp.swift */,
				6B53EDA528D512A500D8B1FC /* ContentView.swift */,
				6B53EDC428D513F300D8B1FC /* FirstTabView.swift */,
				6B53EDC828D5164D00D8B1FC /* DetailScreenView.swift */,
				6B53EDC628D513FB00D8B1FC /* SecondTabView.swift */,
				6B53EDA728D512A700D8B1FC /* Assets.xcassets */,
				6B53EDA928D512A700D8B1FC /* Preview Content */,
			);
			path = AXComponentKitSample;
			sourceTree = "<group>";
		};
		6B53EDA928D512A700D8B1FC /* Preview Content */ = {
			isa = PBXGroup;
			children = (
				6B53EDAA28D512A700D8B1FC /* Preview Assets.xcassets */,
			);
			path = "Preview Content";
			sourceTree = "<group>";
		};
		6B53EDB128D512D700D8B1FC /* Packages */ = {
			isa = PBXGroup;
			children = (
				6B53EE0328DCC5A300D8B1FC /* AXComponentKit */,
			);
			name = Packages;
			sourceTree = "<group>";
		};
		6B53EDB928D5133000D8B1FC /* UITests */ = {
			isa = PBXGroup;
			children = (
				6B53EDBA28D5133000D8B1FC /* UITests.swift */,
				6B53EDCD28D518F900D8B1FC /* Capabilities */,
				6B53EDC328D5133A00D8B1FC /* Screens+TestSupport */,
			);
			path = UITests;
			sourceTree = "<group>";
		};
		6B53EDC328D5133A00D8B1FC /* Screens+TestSupport */ = {
			isa = PBXGroup;
			children = (
				6B53EDE328D8C22F00D8B1FC /* FirstTabScreen+TestSupport.swift */,
				6B53EDE728D8C2A900D8B1FC /* SecondTabScreen+TestSupport.swift */,
				6B53EDE928D8C2D100D8B1FC /* FirstTabDetailScreen+TestSupport.swift */,
			);
			path = "Screens+TestSupport";
			sourceTree = "<group>";
		};
		6B53EDCD28D518F900D8B1FC /* Capabilities */ = {
			isa = PBXGroup;
			children = (
				6B53EDCE28D5191B00D8B1FC /* NavigationScreen.swift */,
				6B53EDCF28D5191B00D8B1FC /* RootTabBarNavigable.swift */,
			);
			path = Capabilities;
			sourceTree = "<group>";
		};
		6B53EDD928D51DAA00D8B1FC /* Frameworks */ = {
			isa = PBXGroup;
			children = (
				6B53EDDE28D51DC100D8B1FC /* XCTest.framework */,
			);
			name = Frameworks;
			sourceTree = "<group>";
		};
		6B53EDE628D8C26600D8B1FC /* AXScreens */ = {
			isa = PBXGroup;
			children = (
				6B53EDCA28D5184B00D8B1FC /* FirstTabScreen.swift */,
				6B53EDD428D51BEE00D8B1FC /* SecondTabScreen.swift */,
				6B53EDE028D8C19300D8B1FC /* FirstTabDetailScreen.swift */,
			);
			path = AXScreens;
			sourceTree = "<group>";
		};
/* End PBXGroup section */

/* Begin PBXNativeTarget section */
		6B53ED9F28D512A500D8B1FC /* AXComponentKitSample */ = {
			isa = PBXNativeTarget;
			buildConfigurationList = 6B53EDAE28D512A700D8B1FC /* Build configuration list for PBXNativeTarget "AXComponentKitSample" */;
			buildPhases = (
				6B53ED9C28D512A500D8B1FC /* Sources */,
				6B53ED9D28D512A500D8B1FC /* Frameworks */,
				6B53ED9E28D512A500D8B1FC /* Resources */,
			);
			buildRules = (
			);
			dependencies = (
			);
			name = AXComponentKitSample;
			packageProductDependencies = (
				6B53EDDA28D51DAA00D8B1FC /* AXComponentKit */,
			);
			productName = AXComponentKitSample;
			productReference = 6B53EDA028D512A500D8B1FC /* AXComponentKitSample.app */;
			productType = "com.apple.product-type.application";
		};
		6B53EDB728D5133000D8B1FC /* UITests */ = {
			isa = PBXNativeTarget;
			buildConfigurationList = 6B53EDC028D5133000D8B1FC /* Build configuration list for PBXNativeTarget "UITests" */;
			buildPhases = (
				6B53EDB428D5133000D8B1FC /* Sources */,
				6B53EDB528D5133000D8B1FC /* Frameworks */,
				6B53EDB628D5133000D8B1FC /* Resources */,
			);
			buildRules = (
			);
			dependencies = (
				6B53EDEE28D8C36D00D8B1FC /* PBXTargetDependency */,
				6B53EDBF28D5133000D8B1FC /* PBXTargetDependency */,
			);
			name = UITests;
			packageProductDependencies = (
				6B53EDEB28D8C35E00D8B1FC /* AXComponentKitTestSupport */,
			);
			productName = UITests;
			productReference = 6B53EDB828D5133000D8B1FC /* UITests.xctest */;
			productType = "com.apple.product-type.bundle.ui-testing";
		};
/* End PBXNativeTarget section */

/* Begin PBXProject section */
		6B53ED9828D512A500D8B1FC /* Project object */ = {
			isa = PBXProject;
			attributes = {
				BuildIndependentTargetsInParallel = 1;
				LastSwiftUpdateCheck = 1410;
				LastUpgradeCheck = 1410;
				TargetAttributes = {
					6B53ED9F28D512A500D8B1FC = {
						CreatedOnToolsVersion = 14.1;
					};
					6B53EDB728D5133000D8B1FC = {
						CreatedOnToolsVersion = 14.1;
						TestTargetID = 6B53ED9F28D512A500D8B1FC;
					};
				};
			};
			buildConfigurationList = 6B53ED9B28D512A500D8B1FC /* Build configuration list for PBXProject "AXComponentKitSample" */;
			compatibilityVersion = "Xcode 14.0";
			developmentRegion = en;
			hasScannedForEncodings = 0;
			knownRegions = (
				en,
				Base,
			);
			mainGroup = 6B53ED9728D512A500D8B1FC;
			productRefGroup = 6B53EDA128D512A500D8B1FC /* Products */;
			projectDirPath = "";
			projectRoot = "";
			targets = (
				6B53ED9F28D512A500D8B1FC /* AXComponentKitSample */,
				6B53EDB728D5133000D8B1FC /* UITests */,
			);
		};
/* End PBXProject section */

/* Begin PBXResourcesBuildPhase section */
		6B53ED9E28D512A500D8B1FC /* Resources */ = {
			isa = PBXResourcesBuildPhase;
			buildActionMask = 2147483647;
			files = (
				6B53EDAB28D512A700D8B1FC /* Preview Assets.xcassets in Resources */,
				6B53EDA828D512A700D8B1FC /* Assets.xcassets in Resources */,
			);
			runOnlyForDeploymentPostprocessing = 0;
		};
		6B53EDB628D5133000D8B1FC /* Resources */ = {
			isa = PBXResourcesBuildPhase;
			buildActionMask = 2147483647;
			files = (
			);
			runOnlyForDeploymentPostprocessing = 0;
		};
/* End PBXResourcesBuildPhase section */

/* Begin PBXSourcesBuildPhase section */
		6B53ED9C28D512A500D8B1FC /* Sources */ = {
			isa = PBXSourcesBuildPhase;
			buildActionMask = 2147483647;
			files = (
				6B53EDC728D513FB00D8B1FC /* SecondTabView.swift in Sources */,
				6B53EDD528D51BEE00D8B1FC /* SecondTabScreen.swift in Sources */,
				6B53EDC928D5164D00D8B1FC /* DetailScreenView.swift in Sources */,
				6B53EDA628D512A500D8B1FC /* ContentView.swift in Sources */,
				6B53EDC528D513F300D8B1FC /* FirstTabView.swift in Sources */,
				6B53EDCC28D5185200D8B1FC /* FirstTabScreen.swift in Sources */,
				6B53EDA428D512A500D8B1FC /* AXComponentKitSampleApp.swift in Sources */,
				6B53EDE128D8C19300D8B1FC /* FirstTabDetailScreen.swift in Sources */,
			);
			runOnlyForDeploymentPostprocessing = 0;
		};
		6B53EDB428D5133000D8B1FC /* Sources */ = {
			isa = PBXSourcesBuildPhase;
			buildActionMask = 2147483647;
			files = (
				6B53EDD028D5191B00D8B1FC /* NavigationScreen.swift in Sources */,
				6B53EDCB28D5184B00D8B1FC /* FirstTabScreen.swift in Sources */,
				6B53EDE228D8C19300D8B1FC /* FirstTabDetailScreen.swift in Sources */,
				6B53EDE528D8C22F00D8B1FC /* FirstTabScreen+TestSupport.swift in Sources */,
				6B53EDD128D5191B00D8B1FC /* RootTabBarNavigable.swift in Sources */,
				6B53EDBB28D5133000D8B1FC /* UITests.swift in Sources */,
				6B53EDEA28D8C2D100D8B1FC /* FirstTabDetailScreen+TestSupport.swift in Sources */,
				6B53EDD628D51BEE00D8B1FC /* SecondTabScreen.swift in Sources */,
				6B53EDE828D8C2A900D8B1FC /* SecondTabScreen+TestSupport.swift in Sources */,
			);
			runOnlyForDeploymentPostprocessing = 0;
		};
/* End PBXSourcesBuildPhase section */

/* Begin PBXTargetDependency section */
		6B53EDBF28D5133000D8B1FC /* PBXTargetDependency */ = {
			isa = PBXTargetDependency;
			target = 6B53ED9F28D512A500D8B1FC /* AXComponentKitSample */;
			targetProxy = 6B53EDBE28D5133000D8B1FC /* PBXContainerItemProxy */;
		};
		6B53EDEE28D8C36D00D8B1FC /* PBXTargetDependency */ = {
			isa = PBXTargetDependency;
			productRef = 6B53EDED28D8C36D00D8B1FC /* AXComponentKitTestSupport */;
		};
/* End PBXTargetDependency section */

/* Begin XCBuildConfiguration section */
		6B53EDAC28D512A700D8B1FC /* Debug */ = {
			isa = XCBuildConfiguration;
			buildSettings = {
				ALWAYS_SEARCH_USER_PATHS = NO;
				CLANG_ANALYZER_NONNULL = YES;
				CLANG_ANALYZER_NUMBER_OBJECT_CONVERSION = YES_AGGRESSIVE;
				CLANG_CXX_LANGUAGE_STANDARD = "gnu++20";
				CLANG_ENABLE_MODULES = YES;
				CLANG_ENABLE_OBJC_ARC = YES;
				CLANG_ENABLE_OBJC_WEAK = YES;
				CLANG_WARN_BLOCK_CAPTURE_AUTORELEASING = YES;
				CLANG_WARN_BOOL_CONVERSION = YES;
				CLANG_WARN_COMMA = YES;
				CLANG_WARN_CONSTANT_CONVERSION = YES;
				CLANG_WARN_DEPRECATED_OBJC_IMPLEMENTATIONS = YES;
				CLANG_WARN_DIRECT_OBJC_ISA_USAGE = YES_ERROR;
				CLANG_WARN_DOCUMENTATION_COMMENTS = YES;
				CLANG_WARN_EMPTY_BODY = YES;
				CLANG_WARN_ENUM_CONVERSION = YES;
				CLANG_WARN_INFINITE_RECURSION = YES;
				CLANG_WARN_INT_CONVERSION = YES;
				CLANG_WARN_NON_LITERAL_NULL_CONVERSION = YES;
				CLANG_WARN_OBJC_IMPLICIT_RETAIN_SELF = YES;
				CLANG_WARN_OBJC_LITERAL_CONVERSION = YES;
				CLANG_WARN_OBJC_ROOT_CLASS = YES_ERROR;
				CLANG_WARN_QUOTED_INCLUDE_IN_FRAMEWORK_HEADER = YES;
				CLANG_WARN_RANGE_LOOP_ANALYSIS = YES;
				CLANG_WARN_STRICT_PROTOTYPES = YES;
				CLANG_WARN_SUSPICIOUS_MOVE = YES;
				CLANG_WARN_UNGUARDED_AVAILABILITY = YES_AGGRESSIVE;
				CLANG_WARN_UNREACHABLE_CODE = YES;
				CLANG_WARN__DUPLICATE_METHOD_MATCH = YES;
				COPY_PHASE_STRIP = NO;
				DEBUG_INFORMATION_FORMAT = dwarf;
				ENABLE_STRICT_OBJC_MSGSEND = YES;
				ENABLE_TESTABILITY = YES;
				GCC_C_LANGUAGE_STANDARD = gnu11;
				GCC_DYNAMIC_NO_PIC = NO;
				GCC_NO_COMMON_BLOCKS = YES;
				GCC_OPTIMIZATION_LEVEL = 0;
				GCC_PREPROCESSOR_DEFINITIONS = (
					"DEBUG=1",
					"$(inherited)",
				);
				GCC_WARN_64_TO_32_BIT_CONVERSION = YES;
				GCC_WARN_ABOUT_RETURN_TYPE = YES_ERROR;
				GCC_WARN_UNDECLARED_SELECTOR = YES;
				GCC_WARN_UNINITIALIZED_AUTOS = YES_AGGRESSIVE;
				GCC_WARN_UNUSED_FUNCTION = YES;
				GCC_WARN_UNUSED_VARIABLE = YES;
				IPHONEOS_DEPLOYMENT_TARGET = 16.1;
				MTL_ENABLE_DEBUG_INFO = INCLUDE_SOURCE;
				MTL_FAST_MATH = YES;
				ONLY_ACTIVE_ARCH = YES;
				SDKROOT = iphoneos;
				SWIFT_ACTIVE_COMPILATION_CONDITIONS = DEBUG;
				SWIFT_OPTIMIZATION_LEVEL = "-Onone";
			};
			name = Debug;
		};
		6B53EDAD28D512A700D8B1FC /* Release */ = {
			isa = XCBuildConfiguration;
			buildSettings = {
				ALWAYS_SEARCH_USER_PATHS = NO;
				CLANG_ANALYZER_NONNULL = YES;
				CLANG_ANALYZER_NUMBER_OBJECT_CONVERSION = YES_AGGRESSIVE;
				CLANG_CXX_LANGUAGE_STANDARD = "gnu++20";
				CLANG_ENABLE_MODULES = YES;
				CLANG_ENABLE_OBJC_ARC = YES;
				CLANG_ENABLE_OBJC_WEAK = YES;
				CLANG_WARN_BLOCK_CAPTURE_AUTORELEASING = YES;
				CLANG_WARN_BOOL_CONVERSION = YES;
				CLANG_WARN_COMMA = YES;
				CLANG_WARN_CONSTANT_CONVERSION = YES;
				CLANG_WARN_DEPRECATED_OBJC_IMPLEMENTATIONS = YES;
				CLANG_WARN_DIRECT_OBJC_ISA_USAGE = YES_ERROR;
				CLANG_WARN_DOCUMENTATION_COMMENTS = YES;
				CLANG_WARN_EMPTY_BODY = YES;
				CLANG_WARN_ENUM_CONVERSION = YES;
				CLANG_WARN_INFINITE_RECURSION = YES;
				CLANG_WARN_INT_CONVERSION = YES;
				CLANG_WARN_NON_LITERAL_NULL_CONVERSION = YES;
				CLANG_WARN_OBJC_IMPLICIT_RETAIN_SELF = YES;
				CLANG_WARN_OBJC_LITERAL_CONVERSION = YES;
				CLANG_WARN_OBJC_ROOT_CLASS = YES_ERROR;
				CLANG_WARN_QUOTED_INCLUDE_IN_FRAMEWORK_HEADER = YES;
				CLANG_WARN_RANGE_LOOP_ANALYSIS = YES;
				CLANG_WARN_STRICT_PROTOTYPES = YES;
				CLANG_WARN_SUSPICIOUS_MOVE = YES;
				CLANG_WARN_UNGUARDED_AVAILABILITY = YES_AGGRESSIVE;
				CLANG_WARN_UNREACHABLE_CODE = YES;
				CLANG_WARN__DUPLICATE_METHOD_MATCH = YES;
				COPY_PHASE_STRIP = NO;
				DEBUG_INFORMATION_FORMAT = "dwarf-with-dsym";
				ENABLE_NS_ASSERTIONS = NO;
				ENABLE_STRICT_OBJC_MSGSEND = YES;
				GCC_C_LANGUAGE_STANDARD = gnu11;
				GCC_NO_COMMON_BLOCKS = YES;
				GCC_WARN_64_TO_32_BIT_CONVERSION = YES;
				GCC_WARN_ABOUT_RETURN_TYPE = YES_ERROR;
				GCC_WARN_UNDECLARED_SELECTOR = YES;
				GCC_WARN_UNINITIALIZED_AUTOS = YES_AGGRESSIVE;
				GCC_WARN_UNUSED_FUNCTION = YES;
				GCC_WARN_UNUSED_VARIABLE = YES;
				IPHONEOS_DEPLOYMENT_TARGET = 16.1;
				MTL_ENABLE_DEBUG_INFO = NO;
				MTL_FAST_MATH = YES;
				SDKROOT = iphoneos;
				SWIFT_COMPILATION_MODE = wholemodule;
				SWIFT_OPTIMIZATION_LEVEL = "-O";
				VALIDATE_PRODUCT = YES;
			};
			name = Release;
		};
		6B53EDAF28D512A700D8B1FC /* Debug */ = {
			isa = XCBuildConfiguration;
			buildSettings = {
				ASSETCATALOG_COMPILER_APPICON_NAME = AppIcon;
				ASSETCATALOG_COMPILER_GLOBAL_ACCENT_COLOR_NAME = AccentColor;
				CODE_SIGN_STYLE = Automatic;
				CURRENT_PROJECT_VERSION = 1;
				DEVELOPMENT_ASSET_PATHS = "\"AXComponentKitSample/Preview Content\"";
				ENABLE_PREVIEWS = YES;
				GENERATE_INFOPLIST_FILE = YES;
				INFOPLIST_KEY_UIApplicationSceneManifest_Generation = YES;
				INFOPLIST_KEY_UIApplicationSupportsIndirectInputEvents = YES;
				INFOPLIST_KEY_UILaunchScreen_Generation = YES;
				INFOPLIST_KEY_UISupportedInterfaceOrientations_iPad = "UIInterfaceOrientationPortrait UIInterfaceOrientationPortraitUpsideDown UIInterfaceOrientationLandscapeLeft UIInterfaceOrientationLandscapeRight";
				INFOPLIST_KEY_UISupportedInterfaceOrientations_iPhone = "UIInterfaceOrientationPortrait UIInterfaceOrientationLandscapeLeft UIInterfaceOrientationLandscapeRight";
				LD_RUNPATH_SEARCH_PATHS = (
					"$(inherited)",
					"@executable_path/Frameworks",
				);
				MARKETING_VERSION = 1.0;
				PRODUCT_BUNDLE_IDENTIFIER = com.willowtree.clstroud.AXComponentKitSample;
				PRODUCT_NAME = "$(TARGET_NAME)";
				SWIFT_EMIT_LOC_STRINGS = YES;
				SWIFT_VERSION = 5.0;
				TARGETED_DEVICE_FAMILY = "1,2";
			};
			name = Debug;
		};
		6B53EDB028D512A700D8B1FC /* Release */ = {
			isa = XCBuildConfiguration;
			buildSettings = {
				ASSETCATALOG_COMPILER_APPICON_NAME = AppIcon;
				ASSETCATALOG_COMPILER_GLOBAL_ACCENT_COLOR_NAME = AccentColor;
				CODE_SIGN_STYLE = Automatic;
				CURRENT_PROJECT_VERSION = 1;
				DEVELOPMENT_ASSET_PATHS = "\"AXComponentKitSample/Preview Content\"";
				ENABLE_PREVIEWS = YES;
				GENERATE_INFOPLIST_FILE = YES;
				INFOPLIST_KEY_UIApplicationSceneManifest_Generation = YES;
				INFOPLIST_KEY_UIApplicationSupportsIndirectInputEvents = YES;
				INFOPLIST_KEY_UILaunchScreen_Generation = YES;
				INFOPLIST_KEY_UISupportedInterfaceOrientations_iPad = "UIInterfaceOrientationPortrait UIInterfaceOrientationPortraitUpsideDown UIInterfaceOrientationLandscapeLeft UIInterfaceOrientationLandscapeRight";
				INFOPLIST_KEY_UISupportedInterfaceOrientations_iPhone = "UIInterfaceOrientationPortrait UIInterfaceOrientationLandscapeLeft UIInterfaceOrientationLandscapeRight";
				LD_RUNPATH_SEARCH_PATHS = (
					"$(inherited)",
					"@executable_path/Frameworks",
				);
				MARKETING_VERSION = 1.0;
				PRODUCT_BUNDLE_IDENTIFIER = com.willowtree.clstroud.AXComponentKitSample;
				PRODUCT_NAME = "$(TARGET_NAME)";
				SWIFT_EMIT_LOC_STRINGS = YES;
				SWIFT_VERSION = 5.0;
				TARGETED_DEVICE_FAMILY = "1,2";
			};
			name = Release;
		};
		6B53EDC128D5133000D8B1FC /* Debug */ = {
			isa = XCBuildConfiguration;
			buildSettings = {
				CODE_SIGN_STYLE = Automatic;
				CURRENT_PROJECT_VERSION = 1;
				GENERATE_INFOPLIST_FILE = YES;
				MARKETING_VERSION = 1.0;
				PRODUCT_BUNDLE_IDENTIFIER = com.willowtree.clstroud.UITests;
				PRODUCT_NAME = "$(TARGET_NAME)";
				SWIFT_EMIT_LOC_STRINGS = NO;
				SWIFT_VERSION = 5.0;
				TARGETED_DEVICE_FAMILY = "1,2";
				TEST_TARGET_NAME = AXComponentKitSample;
			};
			name = Debug;
		};
		6B53EDC228D5133000D8B1FC /* Release */ = {
			isa = XCBuildConfiguration;
			buildSettings = {
				CODE_SIGN_STYLE = Automatic;
				CURRENT_PROJECT_VERSION = 1;
				GENERATE_INFOPLIST_FILE = YES;
				MARKETING_VERSION = 1.0;
				PRODUCT_BUNDLE_IDENTIFIER = com.willowtree.clstroud.UITests;
				PRODUCT_NAME = "$(TARGET_NAME)";
				SWIFT_EMIT_LOC_STRINGS = NO;
				SWIFT_VERSION = 5.0;
				TARGETED_DEVICE_FAMILY = "1,2";
				TEST_TARGET_NAME = AXComponentKitSample;
			};
			name = Release;
		};
/* End XCBuildConfiguration section */

/* Begin XCConfigurationList section */
		6B53ED9B28D512A500D8B1FC /* Build configuration list for PBXProject "AXComponentKitSample" */ = {
			isa = XCConfigurationList;
			buildConfigurations = (
				6B53EDAC28D512A700D8B1FC /* Debug */,
				6B53EDAD28D512A700D8B1FC /* Release */,
			);
			defaultConfigurationIsVisible = 0;
			defaultConfigurationName = Release;
		};
		6B53EDAE28D512A700D8B1FC /* Build configuration list for PBXNativeTarget "AXComponentKitSample" */ = {
			isa = XCConfigurationList;
			buildConfigurations = (
				6B53EDAF28D512A700D8B1FC /* Debug */,
				6B53EDB028D512A700D8B1FC /* Release */,
			);
			defaultConfigurationIsVisible = 0;
			defaultConfigurationName = Release;
		};
		6B53EDC028D5133000D8B1FC /* Build configuration list for PBXNativeTarget "UITests" */ = {
			isa = XCConfigurationList;
			buildConfigurations = (
				6B53EDC128D5133000D8B1FC /* Debug */,
				6B53EDC228D5133000D8B1FC /* Release */,
			);
			defaultConfigurationIsVisible = 0;
			defaultConfigurationName = Release;
		};
/* End XCConfigurationList section */

/* Begin XCSwiftPackageProductDependency section */
		6B53EDDA28D51DAA00D8B1FC /* AXComponentKit */ = {
			isa = XCSwiftPackageProductDependency;
			productName = AXComponentKit;
		};
		6B53EDEB28D8C35E00D8B1FC /* AXComponentKitTestSupport */ = {
			isa = XCSwiftPackageProductDependency;
			productName = AXComponentKitTestSupport;
		};
		6B53EDED28D8C36D00D8B1FC /* AXComponentKitTestSupport */ = {
			isa = XCSwiftPackageProductDependency;
			productName = AXComponentKitTestSupport;
		};
/* End XCSwiftPackageProductDependency section */
	};
	rootObject = 6B53ED9828D512A500D8B1FC /* Project object */;
}
